
Microsoft Visual Studio Solution File, Format Version 12.00
# Visual Studio 15
VisualStudioVersion = 15.0.28307.645
MinimumVisualStudioVersion = 10.0.40219.1
Project("{FAE04EC0-301F-11D3-BF4B-00C04F79EFBC}") = "badlife.csharp", "badlife\badlife.csharp.csproj", "{DD38AA74-9BE6-4DFF-876D-55F57E1A59F6}"
EndProject
Project("{2150E333-8FDC-42A3-9474-1A3956D46DE8}") = "Tests", "Tests", "{29F9ABB9-DA5D-426F-B7BD-FE8EF0E75C43}"
EndProject
Project("{FAE04EC0-301F-11D3-BF4B-00C04F79EFBC}") = "badlife.csharp.test", "badlife.csharp.test\badlife.csharp.test.csproj", "{1C70009C-6954-4BC5-9C62-58E04AAD8B5B}"
EndProject
Global
	GlobalSection(SolutionConfigurationPlatforms) = preSolution
		Debug|Any CPU = Debug|Any CPU
		Release|Any CPU = Release|Any CPU
	EndGlobalSection
	GlobalSection(ProjectConfigurationPlatforms) = postSolution
		{DD38AA74-9BE6-4DFF-876D-55F57E1A59F6}.Debug|Any CPU.ActiveCfg = Debug|Any CPU
		{DD38AA74-9BE6-4DFF-876D-55F57E1A59F6}.Debug|Any CPU.Build.0 = Debug|Any CPU
		{DD38AA74-9BE6-4DFF-876D-55F57E1A59F6}.Release|Any CPU.ActiveCfg = Release|Any CPU
		{DD38AA74-9BE6-4DFF-876D-55F57E1A59F6}.Release|Any CPU.Build.0 = Release|Any CPU
		{1C70009C-6954-4BC5-9C62-58E04AAD8B5B}.Debug|Any CPU.ActiveCfg = Debug|Any CPU
		{1C70009C-6954-4BC5-9C62-58E04AAD8B5B}.Debug|Any CPU.Build.0 = Debug|Any CPU
		{1C70009C-6954-4BC5-9C62-58E04AAD8B5B}.Release|Any CPU.ActiveCfg = Release|Any CPU
		{1C70009C-6954-4BC5-9C62-58E04AAD8B5B}.Release|Any CPU.Build.0 = Release|Any CPU
	EndGlobalSection
	GlobalSection(SolutionProperties) = preSolution
		HideSolutionNode = FALSE
	EndGlobalSection
	GlobalSection(NestedProjects) = preSolution
		{1C70009C-6954-4BC5-9C62-58E04AAD8B5B} = {29F9ABB9-DA5D-426F-B7BD-FE8EF0E75C43}
	EndGlobalSection
	GlobalSection(ExtensibilityGlobals) = postSolution
		SolutionGuid = {0C592C35-6A02-4062-BDB6-1B160C222DAC}
	EndGlobalSection
EndGlobal
